# This file is generated by running "yarn install" inside your project.
# Manual changes might be lost - proceed with caution!

__metadata:
  version: 6
  cacheKey: 8

"@hono/node-server@npm:^1.10.0":
  version: 1.10.0
  resolution: "@hono/node-server@npm:1.10.0"
  checksum: d6ed27c41cf3fd10873cd3c927c3459ed9d596d28e4870ad145660e6783f0de9109ec0fe97b45ba55844c6fb41acb748005cff76cdbd78a944a98179489d3cba
  languageName: node
  linkType: hard

"@types/node@npm:^20.12.7":
  version: 20.12.7
  resolution: "@types/node@npm:20.12.7"
  dependencies:
    undici-types: ~5.26.4
  checksum: 7cc979f7e2ca9a339ec71318c3901b9978555257929ef3666987f3e447123bc6dc92afcc89f6347e09e07d602fde7d51bcddea626c23aa2bb74aeaacfd1e1686
  languageName: node
  linkType: hard

"consola@npm:^3.2.3":
  version: 3.2.3
  resolution: "consola@npm:3.2.3"
  checksum: 32ec70e177dd2385c42e38078958cc7397be91db21af90c6f9faa0b16168b49b1c61d689338604bbb2d64370b9347a35f42a9197663a913d3a405bb0ce728499
  languageName: node
  linkType: hard

"hono@npm:^4.2.4":
  version: 4.2.4
  resolution: "hono@npm:4.2.4"
  checksum: 72f313684c8b309a5a811e75e8a5dee0d4d7a68dfc0f22a34084eaeab25c08f6c62f49b8f0bdca808c64466f237e6c32ac06e5e134116534a5582aa45c789d8c
  languageName: node
  linkType: hard

"push@workspace:.":
  version: 0.0.0-use.local
  resolution: "push@workspace:."
  dependencies:
    "@hono/node-server": ^1.10.0
    "@types/node": ^20.12.7
    consola: ^3.2.3
    hono: ^4.2.4
  languageName: unknown
  linkType: soft

"undici-types@npm:~5.26.4":
  version: 5.26.5
  resolution: "undici-types@npm:5.26.5"
  checksum: 3192ef6f3fd5df652f2dc1cd782b49d6ff14dc98e5dced492aa8a8c65425227da5da6aafe22523c67f035a272c599bb89cfe803c1db6311e44bed3042fc25487
  languageName: node
  linkType: hard
