# This file is generated by running "yarn install" inside your project.
# Manual changes might be lost - proceed with caution!

__metadata:
  version: 6
  cacheKey: 8

"@hono/node-server@npm:^1.11.0":
  version: 1.11.0
  resolution: "@hono/node-server@npm:1.11.0"
  checksum: 6850645a27828f8b366349fd24913009770055c41a8805b087c81873fede568d2cc6cb91f222eaaadd60374eee98d88c0fe6bdebf14a18a1d2b5bba52e717aa5
  languageName: node
  linkType: hard

"@types/node@npm:^20.12.7":
  version: 20.12.7
  resolution: "@types/node@npm:20.12.7"
  dependencies:
    undici-types: ~5.26.4
  checksum: 7cc979f7e2ca9a339ec71318c3901b9978555257929ef3666987f3e447123bc6dc92afcc89f6347e09e07d602fde7d51bcddea626c23aa2bb74aeaacfd1e1686
  languageName: node
  linkType: hard

"consola@npm:^3.2.3":
  version: 3.2.3
  resolution: "consola@npm:3.2.3"
  checksum: 32ec70e177dd2385c42e38078958cc7397be91db21af90c6f9faa0b16168b49b1c61d689338604bbb2d64370b9347a35f42a9197663a913d3a405bb0ce728499
  languageName: node
  linkType: hard

"hono@npm:^4.2.7":
  version: 4.2.7
  resolution: "hono@npm:4.2.7"
  checksum: 18ce3c2cd39a7fd91cfa812ceaf2e9bfeeed29399f3316c7b5c954c68b2b7adb8a21582da52aaf85dc2e24dff6b47d3eb9592e7989f330ca7572de9248b4f710
  languageName: node
  linkType: hard

"tiny-push@workspace:.":
  version: 0.0.0-use.local
  resolution: "tiny-push@workspace:."
  dependencies:
    "@hono/node-server": ^1.11.0
    "@types/node": ^20.12.7
    consola: ^3.2.3
    hono: ^4.2.7
  languageName: unknown
  linkType: soft

"undici-types@npm:~5.26.4":
  version: 5.26.5
  resolution: "undici-types@npm:5.26.5"
  checksum: 3192ef6f3fd5df652f2dc1cd782b49d6ff14dc98e5dced492aa8a8c65425227da5da6aafe22523c67f035a272c599bb89cfe803c1db6311e44bed3042fc25487
  languageName: node
  linkType: hard
